
Microsoft Visual Studio Solution File, Format Version 12.00
# Visual Studio 15
VisualStudioVersion = 15.0.28307.572
MinimumVisualStudioVersion = 10.0.40219.1
Project("{9A19103F-16F7-4668-BE54-9A1E7A4F7556}") = "DatingApp.API", "DatingApp\DatingApp.API.csproj", "{F8288844-1048-4118-9F09-9A4C5F07FB6C}"
EndProject
Project("{FAE04EC0-301F-11D3-BF4B-00C04F79EFBC}") = "DatingApp.SPAa", "DatingApp.SPAa\DatingApp.SPAa.csproj", "{E50E541B-9930-4BBE-A79C-AA7E65281F16}"
EndProject
Global
	GlobalSection(SolutionConfigurationPlatforms) = preSolution
		Debug|Any CPU = Debug|Any CPU
		Release|Any CPU = Release|Any CPU
	EndGlobalSection
	GlobalSection(ProjectConfigurationPlatforms) = postSolution
		{F8288844-1048-4118-9F09-9A4C5F07FB6C}.Debug|Any CPU.ActiveCfg = Debug|Any CPU
		{F8288844-1048-4118-9F09-9A4C5F07FB6C}.Debug|Any CPU.Build.0 = Debug|Any CPU
		{F8288844-1048-4118-9F09-9A4C5F07FB6C}.Release|Any CPU.ActiveCfg = Release|Any CPU
		{F8288844-1048-4118-9F09-9A4C5F07FB6C}.Release|Any CPU.Build.0 = Release|Any CPU
		{E50E541B-9930-4BBE-A79C-AA7E65281F16}.Debug|Any CPU.ActiveCfg = Debug|Any CPU
		{E50E541B-9930-4BBE-A79C-AA7E65281F16}.Debug|Any CPU.Build.0 = Debug|Any CPU
		{E50E541B-9930-4BBE-A79C-AA7E65281F16}.Release|Any CPU.ActiveCfg = Release|Any CPU
		{E50E541B-9930-4BBE-A79C-AA7E65281F16}.Release|Any CPU.Build.0 = Release|Any CPU
	EndGlobalSection
	GlobalSection(SolutionProperties) = preSolution
		HideSolutionNode = FALSE
	EndGlobalSection
	GlobalSection(ExtensibilityGlobals) = postSolution
		SolutionGuid = {279C8339-C461-4DCA-959B-B11B74A7C56C}
	EndGlobalSection
EndGlobal
